
Microsoft Visual Studio Solution File, Format Version 12.00
# Visual Studio Version 17
VisualStudioVersion = 17.9.34728.123
MinimumVisualStudioVersion = 10.0.40219.1
Project("{FAE04EC0-301F-11D3-BF4B-00C04F79EFBC}") = "JeffersonRuizWebAPIBurgersPromo", "JeffersonRuizWebAPIBurgersPromo\JeffersonRuizWebAPIBurgersPromo.csproj", "{6AC44B28-C346-45E2-968C-F12684F5CEFB}"
EndProject
Global
	GlobalSection(SolutionConfigurationPlatforms) = preSolution
		Debug|Any CPU = Debug|Any CPU
		Release|Any CPU = Release|Any CPU
	EndGlobalSection
	GlobalSection(ProjectConfigurationPlatforms) = postSolution
		{6AC44B28-C346-45E2-968C-F12684F5CEFB}.Debug|Any CPU.ActiveCfg = Debug|Any CPU
		{6AC44B28-C346-45E2-968C-F12684F5CEFB}.Debug|Any CPU.Build.0 = Debug|Any CPU
		{6AC44B28-C346-45E2-968C-F12684F5CEFB}.Release|Any CPU.ActiveCfg = Release|Any CPU
		{6AC44B28-C346-45E2-968C-F12684F5CEFB}.Release|Any CPU.Build.0 = Release|Any CPU
	EndGlobalSection
	GlobalSection(SolutionProperties) = preSolution
		HideSolutionNode = FALSE
	EndGlobalSection
	GlobalSection(ExtensibilityGlobals) = postSolution
		SolutionGuid = {1AF1D5E0-0919-4CE2-9E04-24869F4BDD1D}
	EndGlobalSection
EndGlobal
